
Microsoft Visual Studio Solution File, Format Version 12.00
# Visual Studio Version 17
VisualStudioVersion = 17.0.32112.339
MinimumVisualStudioVersion = 10.0.40219.1
Project("{9A19103F-16F7-4668-BE54-9A1E7A4F7556}") = "DiscordBotWebApi", "DiscordBotWebApi\DiscordBotWebApi.csproj", "{30D5EC1A-8EF6-40CF-80B3-23F1D5FC0AAB}"
EndProject
Project("{9A19103F-16F7-4668-BE54-9A1E7A4F7556}") = "Infrastructure", "Services\Infrastructure.csproj", "{49FC6C78-C630-4965-A6A6-5087D2E1E0CB}"
EndProject
Project("{9A19103F-16F7-4668-BE54-9A1E7A4F7556}") = "Interfaces", "Interfaces\Interfaces.csproj", "{AAE57739-DF7B-4C37-B14F-3FD2F9C65172}"
EndProject
Project("{FAE04EC0-301F-11D3-BF4B-00C04F79EFBC}") = "Options", "Options\Options.csproj", "{1BFDF68D-4A15-4578-87F5-E326D46DBB19}"
EndProject
Global
	GlobalSection(SolutionConfigurationPlatforms) = preSolution
		Debug|Any CPU = Debug|Any CPU
		Release|Any CPU = Release|Any CPU
	EndGlobalSection
	GlobalSection(ProjectConfigurationPlatforms) = postSolution
		{30D5EC1A-8EF6-40CF-80B3-23F1D5FC0AAB}.Debug|Any CPU.ActiveCfg = Debug|Any CPU
		{30D5EC1A-8EF6-40CF-80B3-23F1D5FC0AAB}.Debug|Any CPU.Build.0 = Debug|Any CPU
		{30D5EC1A-8EF6-40CF-80B3-23F1D5FC0AAB}.Release|Any CPU.ActiveCfg = Release|Any CPU
		{30D5EC1A-8EF6-40CF-80B3-23F1D5FC0AAB}.Release|Any CPU.Build.0 = Release|Any CPU
		{49FC6C78-C630-4965-A6A6-5087D2E1E0CB}.Debug|Any CPU.ActiveCfg = Debug|Any CPU
		{49FC6C78-C630-4965-A6A6-5087D2E1E0CB}.Debug|Any CPU.Build.0 = Debug|Any CPU
		{49FC6C78-C630-4965-A6A6-5087D2E1E0CB}.Release|Any CPU.ActiveCfg = Release|Any CPU
		{49FC6C78-C630-4965-A6A6-5087D2E1E0CB}.Release|Any CPU.Build.0 = Release|Any CPU
		{AAE57739-DF7B-4C37-B14F-3FD2F9C65172}.Debug|Any CPU.ActiveCfg = Debug|Any CPU
		{AAE57739-DF7B-4C37-B14F-3FD2F9C65172}.Debug|Any CPU.Build.0 = Debug|Any CPU
		{AAE57739-DF7B-4C37-B14F-3FD2F9C65172}.Release|Any CPU.ActiveCfg = Release|Any CPU
		{AAE57739-DF7B-4C37-B14F-3FD2F9C65172}.Release|Any CPU.Build.0 = Release|Any CPU
		{1BFDF68D-4A15-4578-87F5-E326D46DBB19}.Debug|Any CPU.ActiveCfg = Debug|Any CPU
		{1BFDF68D-4A15-4578-87F5-E326D46DBB19}.Debug|Any CPU.Build.0 = Debug|Any CPU
		{1BFDF68D-4A15-4578-87F5-E326D46DBB19}.Release|Any CPU.ActiveCfg = Release|Any CPU
		{1BFDF68D-4A15-4578-87F5-E326D46DBB19}.Release|Any CPU.Build.0 = Release|Any CPU
	EndGlobalSection
	GlobalSection(SolutionProperties) = preSolution
		HideSolutionNode = FALSE
	EndGlobalSection
	GlobalSection(ExtensibilityGlobals) = postSolution
		SolutionGuid = {258F3C31-BAE2-47B2-B794-5E1D12A820B6}
	EndGlobalSection
EndGlobal
